
Microsoft Visual Studio Solution File, Format Version 12.00
# Visual Studio Version 16
VisualStudioVersion = 16.0.31702.278
MinimumVisualStudioVersion = 10.0.40219.1
Project("{FAE04EC0-301F-11D3-BF4B-00C04F79EFBC}") = "CS_S2A", "CS_S2A.csproj", "{98D6C8DC-D3E1-4A31-9D2D-7116EE948416}"
EndProject
Global
	GlobalSection(SolutionConfigurationPlatforms) = preSolution
		Debug|Any CPU = Debug|Any CPU
		Release|Any CPU = Release|Any CPU
	EndGlobalSection
	GlobalSection(ProjectConfigurationPlatforms) = postSolution
		{98D6C8DC-D3E1-4A31-9D2D-7116EE948416}.Debug|Any CPU.ActiveCfg = Debug|Any CPU
		{98D6C8DC-D3E1-4A31-9D2D-7116EE948416}.Debug|Any CPU.Build.0 = Debug|Any CPU
		{98D6C8DC-D3E1-4A31-9D2D-7116EE948416}.Release|Any CPU.ActiveCfg = Release|Any CPU
		{98D6C8DC-D3E1-4A31-9D2D-7116EE948416}.Release|Any CPU.Build.0 = Release|Any CPU
	EndGlobalSection
	GlobalSection(SolutionProperties) = preSolution
		HideSolutionNode = FALSE
	EndGlobalSection
	GlobalSection(ExtensibilityGlobals) = postSolution
		SolutionGuid = {19725844-AB16-4C29-942A-EBCB8602C9AC}
	EndGlobalSection
EndGlobal
